# THIS IS AN AUTOGENERATED FILE. DO NOT EDIT THIS FILE DIRECTLY.
# yarn lockfile v1


"@babel/helper-string-parser@^7.27.1":
  version "7.27.1"
  resolved "https://registry.yarnpkg.com/@babel/helper-string-parser/-/helper-string-parser-7.27.1.tgz#54da796097ab19ce67ed9f88b47bb2ec49367687"
  integrity sha512-qMlSxKbpRlAridDExk92nSobyDdpPijUq2DW6oDnUqd0iOGxmQjyqhMIihI9+zv4LPyZdRje2cavWPbCbWm3eA==

"@babel/helper-validator-identifier@^7.27.1":
  version "7.27.1"
  resolved "https://registry.yarnpkg.com/@babel/helper-validator-identifier/-/helper-validator-identifier-7.27.1.tgz#a7054dcc145a967dd4dc8fee845a57c1316c9df8"
  integrity sha512-D2hP9eA+Sqx1kBZgzxZh0y1trbuU+JoDkiEwqhQ36nodYqJwyEIhPSdMNd7lOm/4io72luTPWH20Yda0xOuUow==

"@babel/parser@^7.27.2":
  version "7.27.2"
  resolved "https://registry.yarnpkg.com/@babel/parser/-/parser-7.27.2.tgz#577518bedb17a2ce4212afd052e01f7df0941127"
  integrity sha512-QYLs8299NA7WM/bZAdp+CviYYkVoYXlDW2rzliy3chxd1PQjej7JORuMJDJXJUb9g0TT+B99EwaVLKmX+sPXWw==
  dependencies:
    "@babel/types" "^7.27.1"

"@babel/types@^7.27.1":
  version "7.27.1"
  resolved "https://registry.yarnpkg.com/@babel/types/-/types-7.27.1.tgz#9defc53c16fc899e46941fc6901a9eea1c9d8560"
  integrity sha512-+EzkxvLNfiUeKMgy/3luqfsCWFRXLb7U6wNQTk60tovuckwB15B191tJWvpp4HjiQWdJkCxO3Wbvc6jlk3Xb2Q==
  dependencies:
    "@babel/helper-string-parser" "^7.27.1"
    "@babel/helper-validator-identifier" "^7.27.1"

"@esbuild/aix-ppc64@0.25.5":
  version "0.25.5"
  resolved "https://registry.yarnpkg.com/@esbuild/aix-ppc64/-/aix-ppc64-0.25.5.tgz#4e0f91776c2b340e75558f60552195f6fad09f18"
  integrity sha512-9o3TMmpmftaCMepOdA5k/yDw8SfInyzWWTjYTFCX3kPSDJMROQTb8jg+h9Cnwnmm1vOzvxN7gIfB5V2ewpjtGA==

"@esbuild/android-arm64@0.25.5":
  version "0.25.5"
  resolved "https://registry.yarnpkg.com/@esbuild/android-arm64/-/android-arm64-0.25.5.tgz#bc766407f1718923f6b8079c8c61bf86ac3a6a4f"
  integrity sha512-VGzGhj4lJO+TVGV1v8ntCZWJktV7SGCs3Pn1GRWI1SBFtRALoomm8k5E9Pmwg3HOAal2VDc2F9+PM/rEY6oIDg==

"@esbuild/android-arm@0.25.5":
  version "0.25.5"
  resolved "https://registry.yarnpkg.com/@esbuild/android-arm/-/android-arm-0.25.5.tgz#4290d6d3407bae3883ad2cded1081a234473ce26"
  integrity sha512-AdJKSPeEHgi7/ZhuIPtcQKr5RQdo6OO2IL87JkianiMYMPbCtot9fxPbrMiBADOWWm3T2si9stAiVsGbTQFkbA==

"@esbuild/android-x64@0.25.5":
  version "0.25.5"
  resolved "https://registry.yarnpkg.com/@esbuild/android-x64/-/android-x64-0.25.5.tgz#40c11d9cbca4f2406548c8a9895d321bc3b35eff"
  integrity sha512-D2GyJT1kjvO//drbRT3Hib9XPwQeWd9vZoBJn+bu/lVsOZ13cqNdDeqIF/xQ5/VmWvMduP6AmXvylO/PIc2isw==

"@esbuild/darwin-arm64@0.25.5":
  version "0.25.5"
  resolved "https://registry.yarnpkg.com/@esbuild/darwin-arm64/-/darwin-arm64-0.25.5.tgz#49d8bf8b1df95f759ac81eb1d0736018006d7e34"
  integrity sha512-GtaBgammVvdF7aPIgH2jxMDdivezgFu6iKpmT+48+F8Hhg5J/sfnDieg0aeG/jfSvkYQU2/pceFPDKlqZzwnfQ==

"@esbuild/darwin-x64@0.25.5":
  version "0.25.5"
  resolved "https://registry.yarnpkg.com/@esbuild/darwin-x64/-/darwin-x64-0.25.5.tgz#e27a5d92a14886ef1d492fd50fc61a2d4d87e418"
  integrity sha512-1iT4FVL0dJ76/q1wd7XDsXrSW+oLoquptvh4CLR4kITDtqi2e/xwXwdCVH8hVHU43wgJdsq7Gxuzcs6Iq/7bxQ==

"@esbuild/freebsd-arm64@0.25.5":
  version "0.25.5"
  resolved "https://registry.yarnpkg.com/@esbuild/freebsd-arm64/-/freebsd-arm64-0.25.5.tgz#97cede59d638840ca104e605cdb9f1b118ba0b1c"
  integrity sha512-nk4tGP3JThz4La38Uy/gzyXtpkPW8zSAmoUhK9xKKXdBCzKODMc2adkB2+8om9BDYugz+uGV7sLmpTYzvmz6Sw==

"@esbuild/freebsd-x64@0.25.5":
  version "0.25.5"
  resolved "https://registry.yarnpkg.com/@esbuild/freebsd-x64/-/freebsd-x64-0.25.5.tgz#71c77812042a1a8190c3d581e140d15b876b9c6f"
  integrity sha512-PrikaNjiXdR2laW6OIjlbeuCPrPaAl0IwPIaRv+SMV8CiM8i2LqVUHFC1+8eORgWyY7yhQY+2U2fA55mBzReaw==

"@esbuild/linux-arm64@0.25.5":
  version "0.25.5"
  resolved "https://registry.yarnpkg.com/@esbuild/linux-arm64/-/linux-arm64-0.25.5.tgz#f7b7c8f97eff8ffd2e47f6c67eb5c9765f2181b8"
  integrity sha512-Z9kfb1v6ZlGbWj8EJk9T6czVEjjq2ntSYLY2cw6pAZl4oKtfgQuS4HOq41M/BcoLPzrUbNd+R4BXFyH//nHxVg==

"@esbuild/linux-arm@0.25.5":
  version "0.25.5"
  resolved "https://registry.yarnpkg.com/@esbuild/linux-arm/-/linux-arm-0.25.5.tgz#2a0be71b6cd8201fa559aea45598dffabc05d911"
  integrity sha512-cPzojwW2okgh7ZlRpcBEtsX7WBuqbLrNXqLU89GxWbNt6uIg78ET82qifUy3W6OVww6ZWobWub5oqZOVtwolfw==

"@esbuild/linux-ia32@0.25.5":
  version "0.25.5"
  resolved "https://registry.yarnpkg.com/@esbuild/linux-ia32/-/linux-ia32-0.25.5.tgz#763414463cd9ea6fa1f96555d2762f9f84c61783"
  integrity sha512-sQ7l00M8bSv36GLV95BVAdhJ2QsIbCuCjh/uYrWiMQSUuV+LpXwIqhgJDcvMTj+VsQmqAHL2yYaasENvJ7CDKA==

"@esbuild/linux-loong64@0.25.5":
  version "0.25.5"
  resolved "https://registry.yarnpkg.com/@esbuild/linux-loong64/-/linux-loong64-0.25.5.tgz#428cf2213ff786a502a52c96cf29d1fcf1eb8506"
  integrity sha512-0ur7ae16hDUC4OL5iEnDb0tZHDxYmuQyhKhsPBV8f99f6Z9KQM02g33f93rNH5A30agMS46u2HP6qTdEt6Q1kg==

"@esbuild/linux-mips64el@0.25.5":
  version "0.25.5"
  resolved "https://registry.yarnpkg.com/@esbuild/linux-mips64el/-/linux-mips64el-0.25.5.tgz#5cbcc7fd841b4cd53358afd33527cd394e325d96"
  integrity sha512-kB/66P1OsHO5zLz0i6X0RxlQ+3cu0mkxS3TKFvkb5lin6uwZ/ttOkP3Z8lfR9mJOBk14ZwZ9182SIIWFGNmqmg==

"@esbuild/linux-ppc64@0.25.5":
  version "0.25.5"
  resolved "https://registry.yarnpkg.com/@esbuild/linux-ppc64/-/linux-ppc64-0.25.5.tgz#0d954ab39ce4f5e50f00c4f8c4fd38f976c13ad9"
  integrity sha512-UZCmJ7r9X2fe2D6jBmkLBMQetXPXIsZjQJCjgwpVDz+YMcS6oFR27alkgGv3Oqkv07bxdvw7fyB71/olceJhkQ==

"@esbuild/linux-riscv64@0.25.5":
  version "0.25.5"
  resolved "https://registry.yarnpkg.com/@esbuild/linux-riscv64/-/linux-riscv64-0.25.5.tgz#0e7dd30730505abd8088321e8497e94b547bfb1e"
  integrity sha512-kTxwu4mLyeOlsVIFPfQo+fQJAV9mh24xL+y+Bm6ej067sYANjyEw1dNHmvoqxJUCMnkBdKpvOn0Ahql6+4VyeA==

"@esbuild/linux-s390x@0.25.5":
  version "0.25.5"
  resolved "https://registry.yarnpkg.com/@esbuild/linux-s390x/-/linux-s390x-0.25.5.tgz#5669af81327a398a336d7e40e320b5bbd6e6e72d"
  integrity sha512-K2dSKTKfmdh78uJ3NcWFiqyRrimfdinS5ErLSn3vluHNeHVnBAFWC8a4X5N+7FgVE1EjXS1QDZbpqZBjfrqMTQ==

"@esbuild/linux-x64@0.25.5":
  version "0.25.5"
  resolved "https://registry.yarnpkg.com/@esbuild/linux-x64/-/linux-x64-0.25.5.tgz#b2357dd153aa49038967ddc1ffd90c68a9d2a0d4"
  integrity sha512-uhj8N2obKTE6pSZ+aMUbqq+1nXxNjZIIjCjGLfsWvVpy7gKCOL6rsY1MhRh9zLtUtAI7vpgLMK6DxjO8Qm9lJw==

"@esbuild/netbsd-arm64@0.25.5":
  version "0.25.5"
  resolved "https://registry.yarnpkg.com/@esbuild/netbsd-arm64/-/netbsd-arm64-0.25.5.tgz#53b4dfb8fe1cee93777c9e366893bd3daa6ba63d"
  integrity sha512-pwHtMP9viAy1oHPvgxtOv+OkduK5ugofNTVDilIzBLpoWAM16r7b/mxBvfpuQDpRQFMfuVr5aLcn4yveGvBZvw==

"@esbuild/netbsd-x64@0.25.5":
  version "0.25.5"
  resolved "https://registry.yarnpkg.com/@esbuild/netbsd-x64/-/netbsd-x64-0.25.5.tgz#a0206f6314ce7dc8713b7732703d0f58de1d1e79"
  integrity sha512-WOb5fKrvVTRMfWFNCroYWWklbnXH0Q5rZppjq0vQIdlsQKuw6mdSihwSo4RV/YdQ5UCKKvBy7/0ZZYLBZKIbwQ==

"@esbuild/openbsd-arm64@0.25.5":
  version "0.25.5"
  resolved "https://registry.yarnpkg.com/@esbuild/openbsd-arm64/-/openbsd-arm64-0.25.5.tgz#2a796c87c44e8de78001d808c77d948a21ec22fd"
  integrity sha512-7A208+uQKgTxHd0G0uqZO8UjK2R0DDb4fDmERtARjSHWxqMTye4Erz4zZafx7Di9Cv+lNHYuncAkiGFySoD+Mw==

"@esbuild/openbsd-x64@0.25.5":
  version "0.25.5"
  resolved "https://registry.yarnpkg.com/@esbuild/openbsd-x64/-/openbsd-x64-0.25.5.tgz#28d0cd8909b7fa3953af998f2b2ed34f576728f0"
  integrity sha512-G4hE405ErTWraiZ8UiSoesH8DaCsMm0Cay4fsFWOOUcz8b8rC6uCvnagr+gnioEjWn0wC+o1/TAHt+It+MpIMg==

"@esbuild/sunos-x64@0.25.5":
  version "0.25.5"
  resolved "https://registry.yarnpkg.com/@esbuild/sunos-x64/-/sunos-x64-0.25.5.tgz#a28164f5b997e8247d407e36c90d3fd5ddbe0dc5"
  integrity sha512-l+azKShMy7FxzY0Rj4RCt5VD/q8mG/e+mDivgspo+yL8zW7qEwctQ6YqKX34DTEleFAvCIUviCFX1SDZRSyMQA==

"@esbuild/win32-arm64@0.25.5":
  version "0.25.5"
  resolved "https://registry.yarnpkg.com/@esbuild/win32-arm64/-/win32-arm64-0.25.5.tgz#6eadbead38e8bd12f633a5190e45eff80e24007e"
  integrity sha512-O2S7SNZzdcFG7eFKgvwUEZ2VG9D/sn/eIiz8XRZ1Q/DO5a3s76Xv0mdBzVM5j5R639lXQmPmSo0iRpHqUUrsxw==

"@esbuild/win32-ia32@0.25.5":
  version "0.25.5"
  resolved "https://registry.yarnpkg.com/@esbuild/win32-ia32/-/win32-ia32-0.25.5.tgz#bab6288005482f9ed2adb9ded7e88eba9a62cc0d"
  integrity sha512-onOJ02pqs9h1iMJ1PQphR+VZv8qBMQ77Klcsqv9CNW2w6yLqoURLcgERAIurY6QE63bbLuqgP9ATqajFLK5AMQ==

"@esbuild/win32-x64@0.25.5":
  version "0.25.5"
  resolved "https://registry.yarnpkg.com/@esbuild/win32-x64/-/win32-x64-0.25.5.tgz#7fc114af5f6563f19f73324b5d5ff36ece0803d1"
  integrity sha512-TXv6YnJ8ZMVdX+SXWVBo/0p8LTcrUYngpWjvm91TMjjBQii7Oz11Lw5lbDV5Y0TzuhSJHwiH4hEtC1I42mMS0g==

"@jridgewell/sourcemap-codec@^1.5.0":
  version "1.5.0"
  resolved "https://registry.yarnpkg.com/@jridgewell/sourcemap-codec/-/sourcemap-codec-1.5.0.tgz#3188bcb273a414b0d215fd22a58540b989b9409a"
  integrity sha512-gv3ZRaISU3fjPAgNsriBRqGWQL6quFx04YMPW/zD8XMLsU32mhCCbfbO6KZFLjvYpCZ8zyDEgqsgf+PwPaM7GQ==

"@rollup/rollup-android-arm-eabi@4.42.0":
  version "4.42.0"
  resolved "https://registry.yarnpkg.com/@rollup/rollup-android-arm-eabi/-/rollup-android-arm-eabi-4.42.0.tgz#8baae15a6a27f18b7c5be420e00ab08c7d3dd6f4"
  integrity sha512-gldmAyS9hpj+H6LpRNlcjQWbuKUtb94lodB9uCz71Jm+7BxK1VIOo7y62tZZwxhA7j1ylv/yQz080L5WkS+LoQ==

"@rollup/rollup-android-arm64@4.42.0":
  version "4.42.0"
  resolved "https://registry.yarnpkg.com/@rollup/rollup-android-arm64/-/rollup-android-arm64-4.42.0.tgz#6798394241d1b26f8b44d2bbd8de9c12eb9dd6e6"
  integrity sha512-bpRipfTgmGFdCZDFLRvIkSNO1/3RGS74aWkJJTFJBH7h3MRV4UijkaEUeOMbi9wxtxYmtAbVcnMtHTPBhLEkaw==

"@rollup/rollup-darwin-arm64@4.42.0":
  version "4.42.0"
  resolved "https://registry.yarnpkg.com/@rollup/rollup-darwin-arm64/-/rollup-darwin-arm64-4.42.0.tgz#8642482ac2d21e7747a79b1cc3293d5711fefea3"
  integrity sha512-JxHtA081izPBVCHLKnl6GEA0w3920mlJPLh89NojpU2GsBSB6ypu4erFg/Wx1qbpUbepn0jY4dVWMGZM8gplgA==

"@rollup/rollup-darwin-x64@4.42.0":
  version "4.42.0"
  resolved "https://registry.yarnpkg.com/@rollup/rollup-darwin-x64/-/rollup-darwin-x64-4.42.0.tgz#e15568b2fea4fdc526e86424150df9ec511fbaaf"
  integrity sha512-rv5UZaWVIJTDMyQ3dCEK+m0SAn6G7H3PRc2AZmExvbDvtaDc+qXkei0knQWcI3+c9tEs7iL/4I4pTQoPbNL2SA==

"@rollup/rollup-freebsd-arm64@4.42.0":
  version "4.42.0"
  resolved "https://registry.yarnpkg.com/@rollup/rollup-freebsd-arm64/-/rollup-freebsd-arm64-4.42.0.tgz#0ebdb3b470ccf6acf0eacae8177f34e27477559f"
  integrity sha512-fJcN4uSGPWdpVmvLuMtALUFwCHgb2XiQjuECkHT3lWLZhSQ3MBQ9pq+WoWeJq2PrNxr9rPM1Qx+IjyGj8/c6zQ==

"@rollup/rollup-freebsd-x64@4.42.0":
  version "4.42.0"
  resolved "https://registry.yarnpkg.com/@rollup/rollup-freebsd-x64/-/rollup-freebsd-x64-4.42.0.tgz#675808bf4fe7c7fc454326510ab3be0857626d41"
  integrity sha512-CziHfyzpp8hJpCVE/ZdTizw58gr+m7Y2Xq5VOuCSrZR++th2xWAz4Nqk52MoIIrV3JHtVBhbBsJcAxs6NammOQ==

"@rollup/rollup-linux-arm-gnueabihf@4.42.0":
  version "4.42.0"
  resolved "https://registry.yarnpkg.com/@rollup/rollup-linux-arm-gnueabihf/-/rollup-linux-arm-gnueabihf-4.42.0.tgz#05e881cc69f59415fe8c1af13554c60c7c49d114"
  integrity sha512-UsQD5fyLWm2Fe5CDM7VPYAo+UC7+2Px4Y+N3AcPh/LdZu23YcuGPegQly++XEVaC8XUTFVPscl5y5Cl1twEI4A==

"@rollup/rollup-linux-arm-musleabihf@4.42.0":
  version "4.42.0"
  resolved "https://registry.yarnpkg.com/@rollup/rollup-linux-arm-musleabihf/-/rollup-linux-arm-musleabihf-4.42.0.tgz#eb990bf7c3c37749c3d5afed34e6adec1c927963"
  integrity sha512-/i8NIrlgc/+4n1lnoWl1zgH7Uo0XK5xK3EDqVTf38KvyYgCU/Rm04+o1VvvzJZnVS5/cWSd07owkzcVasgfIkQ==

"@rollup/rollup-linux-arm64-gnu@4.42.0":
  version "4.42.0"
  resolved "https://registry.yarnpkg.com/@rollup/rollup-linux-arm64-gnu/-/rollup-linux-arm64-gnu-4.42.0.tgz#3deeacff589e7f370aca5cef29d68d4c8fa0033c"
  integrity sha512-eoujJFOvoIBjZEi9hJnXAbWg+Vo1Ov8n/0IKZZcPZ7JhBzxh2A+2NFyeMZIRkY9iwBvSjloKgcvnjTbGKHE44Q==

"@rollup/rollup-linux-arm64-musl@4.42.0":
  version "4.42.0"
  resolved "https://registry.yarnpkg.com/@rollup/rollup-linux-arm64-musl/-/rollup-linux-arm64-musl-4.42.0.tgz#6db81ab065ef278faf83d875c77ff9cdd51abcfd"
  integrity sha512-/3NrcOWFSR7RQUQIuZQChLND36aTU9IYE4j+TB40VU78S+RA0IiqHR30oSh6P1S9f9/wVOenHQnacs/Byb824g==

"@rollup/rollup-linux-loongarch64-gnu@4.42.0":
  version "4.42.0"
  resolved "https://registry.yarnpkg.com/@rollup/rollup-linux-loongarch64-gnu/-/rollup-linux-loongarch64-gnu-4.42.0.tgz#90d35336ad4cbf318648e41b0e7ce3920c28ebc9"
  integrity sha512-O8AplvIeavK5ABmZlKBq9/STdZlnQo7Sle0LLhVA7QT+CiGpNVe197/t8Aph9bhJqbDVGCHpY2i7QyfEDDStDg==

"@rollup/rollup-linux-powerpc64le-gnu@4.42.0":
  version "4.42.0"
  resolved "https://registry.yarnpkg.com/@rollup/rollup-linux-powerpc64le-gnu/-/rollup-linux-powerpc64le-gnu-4.42.0.tgz#6d21a0f18262648ec181fc9326b8f0ac02aa744d"
  integrity sha512-6Qb66tbKVN7VyQrekhEzbHRxXXFFD8QKiFAwX5v9Xt6FiJ3BnCVBuyBxa2fkFGqxOCSGGYNejxd8ht+q5SnmtA==

"@rollup/rollup-linux-riscv64-gnu@4.42.0":
  version "4.42.0"
  resolved "https://registry.yarnpkg.com/@rollup/rollup-linux-riscv64-gnu/-/rollup-linux-riscv64-gnu-4.42.0.tgz#e46e2d1125957694bfb5222ecd63dd6c9bd69682"
  integrity sha512-KQETDSEBamQFvg/d8jajtRwLNBlGc3aKpaGiP/LvEbnmVUKlFta1vqJqTrvPtsYsfbE/DLg5CC9zyXRX3fnBiA==

"@rollup/rollup-linux-riscv64-musl@4.42.0":
  version "4.42.0"
  resolved "https://registry.yarnpkg.com/@rollup/rollup-linux-riscv64-musl/-/rollup-linux-riscv64-musl-4.42.0.tgz#478a23f0fa0d832a0a6fa858a9f3d2eb201d44de"
  integrity sha512-qMvnyjcU37sCo/tuC+JqeDKSuukGAd+pVlRl/oyDbkvPJ3awk6G6ua7tyum02O3lI+fio+eM5wsVd66X0jQtxw==

"@rollup/rollup-linux-s390x-gnu@4.42.0":
  version "4.42.0"
  resolved "https://registry.yarnpkg.com/@rollup/rollup-linux-s390x-gnu/-/rollup-linux-s390x-gnu-4.42.0.tgz#4261c714cd750e3fb685a330dfca7bb8f5711469"
  integrity sha512-I2Y1ZUgTgU2RLddUHXTIgyrdOwljjkmcZ/VilvaEumtS3Fkuhbw4p4hgHc39Ypwvo2o7sBFNl2MquNvGCa55Iw==

"@rollup/rollup-linux-x64-gnu@4.42.0":
  version "4.42.0"
  resolved "https://registry.yarnpkg.com/@rollup/rollup-linux-x64-gnu/-/rollup-linux-x64-gnu-4.42.0.tgz#45aa751bdf05ac696da417a37fdfd13f607e1fab"
  integrity sha512-Gfm6cV6mj3hCUY8TqWa63DB8Mx3NADoFwiJrMpoZ1uESbK8FQV3LXkhfry+8bOniq9pqY1OdsjFWNsSbfjPugw==

"@rollup/rollup-linux-x64-musl@4.42.0":
  version "4.42.0"
  resolved "https://registry.yarnpkg.com/@rollup/rollup-linux-x64-musl/-/rollup-linux-x64-musl-4.42.0.tgz#9a0f8691dede53d1720ebb2aeef72e483cf69220"
  integrity sha512-g86PF8YZ9GRqkdi0VoGlcDUb4rYtQKyTD1IVtxxN4Hpe7YqLBShA7oHMKU6oKTCi3uxwW4VkIGnOaH/El8de3w==

"@rollup/rollup-win32-arm64-msvc@4.42.0":
  version "4.42.0"
  resolved "https://registry.yarnpkg.com/@rollup/rollup-win32-arm64-msvc/-/rollup-win32-arm64-msvc-4.42.0.tgz#395ad8b6b6372a3888d2e96bf6c45392be815f4d"
  integrity sha512-+axkdyDGSp6hjyzQ5m1pgcvQScfHnMCcsXkx8pTgy/6qBmWVhtRVlgxjWwDp67wEXXUr0x+vD6tp5W4x6V7u1A==

"@rollup/rollup-win32-ia32-msvc@4.42.0":
  version "4.42.0"
  resolved "https://registry.yarnpkg.com/@rollup/rollup-win32-ia32-msvc/-/rollup-win32-ia32-msvc-4.42.0.tgz#0d80305a14fff372ea5e90cd35c63c6b8efbd143"
  integrity sha512-F+5J9pelstXKwRSDq92J0TEBXn2nfUrQGg+HK1+Tk7VOL09e0gBqUHugZv7SW4MGrYj41oNCUe3IKCDGVlis2g==

"@rollup/rollup-win32-x64-msvc@4.42.0":
  version "4.42.0"
  resolved "https://registry.yarnpkg.com/@rollup/rollup-win32-x64-msvc/-/rollup-win32-x64-msvc-4.42.0.tgz#516c6770ba15fe6aef369d217a9747492c01e8b7"
  integrity sha512-LpHiJRwkaVz/LqjHjK8LCi8osq7elmpwujwbXKNW88bM8eeGxavJIKKjkjpMHAh/2xfnrt1ZSnhTv41WYUHYmA==

"@types/estree@1.0.7":
  version "1.0.7"
  resolved "https://registry.yarnpkg.com/@types/estree/-/estree-1.0.7.tgz#4158d3105276773d5b7695cd4834b1722e4f37a8"
  integrity sha512-w28IoSUCJpidD/TGviZwwMJckNESJZXFu7NBZ5YJ4mEUnNraUn9Pm8HSZm/jDF1pDWYKspWE7oVphigUPRakIQ==

"@vitejs/plugin-vue@^4.6.2":
  version "4.6.2"
  resolved "https://registry.yarnpkg.com/@vitejs/plugin-vue/-/plugin-vue-4.6.2.tgz#057d2ded94c4e71b94e9814f92dcd9306317aa46"
  integrity sha512-kqf7SGFoG+80aZG6Pf+gsZIVvGSCKE98JbiWqcCV9cThtg91Jav0yvYFC9Zb+jKetNGF6ZKeoaxgZfND21fWKw==

"@vue/compiler-core@3.5.16":
  version "3.5.16"
  resolved "https://registry.yarnpkg.com/@vue/compiler-core/-/compiler-core-3.5.16.tgz#2f95f4f17c16c09c57bbf64399075b921506630b"
  integrity sha512-AOQS2eaQOaaZQoL1u+2rCJIKDruNXVBZSiUD3chnUrsoX5ZTQMaCvXlWNIfxBJuU15r1o7+mpo5223KVtIhAgQ==
  dependencies:
    "@babel/parser" "^7.27.2"
    "@vue/shared" "3.5.16"
    entities "^4.5.0"
    estree-walker "^2.0.2"
    source-map-js "^1.2.1"

"@vue/compiler-dom@3.5.16":
  version "3.5.16"
  resolved "https://registry.yarnpkg.com/@vue/compiler-dom/-/compiler-dom-3.5.16.tgz#151d8390252975c0b1a773029220fdfcfaa2d743"
  integrity sha512-SSJIhBr/teipXiXjmWOVWLnxjNGo65Oj/8wTEQz0nqwQeP75jWZ0n4sF24Zxoht1cuJoWopwj0J0exYwCJ0dCQ==
  dependencies:
    "@vue/compiler-core" "3.5.16"
    "@vue/shared" "3.5.16"

"@vue/compiler-sfc@3.5.16":
  version "3.5.16"
  resolved "https://registry.yarnpkg.com/@vue/compiler-sfc/-/compiler-sfc-3.5.16.tgz#577f7fd42a46fac8357ffed46e8fb34d32698419"
  integrity sha512-rQR6VSFNpiinDy/DVUE0vHoIDUF++6p910cgcZoaAUm3POxgNOOdS/xgoll3rNdKYTYPnnbARDCZOyZ+QSe6Pw==
  dependencies:
    "@babel/parser" "^7.27.2"
    "@vue/compiler-core" "3.5.16"
    "@vue/compiler-dom" "3.5.16"
    "@vue/compiler-ssr" "3.5.16"
    "@vue/shared" "3.5.16"
    estree-walker "^2.0.2"
    magic-string "^0.30.17"
    postcss "^8.5.3"
    source-map-js "^1.2.1"

"@vue/compiler-ssr@3.5.16":
  version "3.5.16"
  resolved "https://registry.yarnpkg.com/@vue/compiler-ssr/-/compiler-ssr-3.5.16.tgz#3b7874dff771ab2f85fb09be71f6c76a75fcc5ac"
  integrity sha512-d2V7kfxbdsjrDSGlJE7my1ZzCXViEcqN6w14DOsDrUCHEA6vbnVCpRFfrc4ryCP/lCKzX2eS1YtnLE/BuC9f/A==
  dependencies:
    "@vue/compiler-dom" "3.5.16"
    "@vue/shared" "3.5.16"

"@vue/devtools-api@^7.7.2":
  version "7.7.2"
  resolved "https://registry.yarnpkg.com/@vue/devtools-api/-/devtools-api-7.7.2.tgz#49837eae6f61fc43a09f5d6c2d3210f9f73a0d09"
  integrity sha512-1syn558KhyN+chO5SjlZIwJ8bV/bQ1nOVTG66t2RbG66ZGekyiYNmRO7X9BJCXQqPsFHlnksqvPhce2qpzxFnA==
  dependencies:
    "@vue/devtools-kit" "^7.7.2"

"@vue/devtools-kit@^7.7.2":
  version "7.7.2"
  resolved "https://registry.yarnpkg.com/@vue/devtools-kit/-/devtools-kit-7.7.2.tgz#3315bd5b144f98c7b84c2f44270b445644ec8f10"
  integrity sha512-CY0I1JH3Z8PECbn6k3TqM1Bk9ASWxeMtTCvZr7vb+CHi+X/QwQm5F1/fPagraamKMAHVfuuCbdcnNg1A4CYVWQ==
  dependencies:
    "@vue/devtools-shared" "^7.7.2"
    birpc "^0.2.19"
    hookable "^5.5.3"
    mitt "^3.0.1"
    perfect-debounce "^1.0.0"
    speakingurl "^14.0.1"
    superjson "^2.2.1"

"@vue/devtools-shared@^7.7.2":
  version "7.7.2"
  resolved "https://registry.yarnpkg.com/@vue/devtools-shared/-/devtools-shared-7.7.2.tgz#b11b143820130a32d8ce5737e264d06ab6d62f40"
  integrity sha512-uBFxnp8gwW2vD6FrJB8JZLUzVb6PNRG0B0jBnHsOH8uKyva2qINY8PTF5Te4QlTbMDqU5K6qtJDr6cNsKWhbOA==
  dependencies:
    rfdc "^1.4.1"

"@vue/reactivity@3.5.16":
  version "3.5.16"
  resolved "https://registry.yarnpkg.com/@vue/reactivity/-/reactivity-3.5.16.tgz#528c535a088b3c1b67f285f1f2211be79425b962"
  integrity sha512-FG5Q5ee/kxhIm1p2bykPpPwqiUBV3kFySsHEQha5BJvjXdZTUfmya7wP7zC39dFuZAcf/PD5S4Lni55vGLMhvA==
  dependencies:
    "@vue/shared" "3.5.16"

"@vue/runtime-core@3.5.16":
  version "3.5.16"
  resolved "https://registry.yarnpkg.com/@vue/runtime-core/-/runtime-core-3.5.16.tgz#0a828c322224ada26f81a2e227c3d4aebcb72c7a"
  integrity sha512-bw5Ykq6+JFHYxrQa7Tjr+VSzw7Dj4ldR/udyBZbq73fCdJmyy5MPIFR9IX/M5Qs+TtTjuyUTCnmK3lWWwpAcFQ==
  dependencies:
    "@vue/reactivity" "3.5.16"
    "@vue/shared" "3.5.16"

"@vue/runtime-dom@3.5.16":
  version "3.5.16"
  resolved "https://registry.yarnpkg.com/@vue/runtime-dom/-/runtime-dom-3.5.16.tgz#c1bcbcca862b77186f81c92edd5176e74670f078"
  integrity sha512-T1qqYJsG2xMGhImRUV9y/RseB9d0eCYZQ4CWca9ztCuiPj/XWNNN+lkNBuzVbia5z4/cgxdL28NoQCvC0Xcfww==
  dependencies:
    "@vue/reactivity" "3.5.16"
    "@vue/runtime-core" "3.5.16"
    "@vue/shared" "3.5.16"
    csstype "^3.1.3"

"@vue/server-renderer@3.5.16":
  version "3.5.16"
  resolved "https://registry.yarnpkg.com/@vue/server-renderer/-/server-renderer-3.5.16.tgz#5a68cd1d423d843f74c9e6b37133850abab07c13"
  integrity sha512-BrX0qLiv/WugguGsnQUJiYOE0Fe5mZTwi6b7X/ybGB0vfrPH9z0gD/Y6WOR1sGCgX4gc25L1RYS5eYQKDMoNIg==
  dependencies:
    "@vue/compiler-ssr" "3.5.16"
    "@vue/shared" "3.5.16"

"@vue/shared@3.5.16":
  version "3.5.16"
  resolved "https://registry.yarnpkg.com/@vue/shared/-/shared-3.5.16.tgz#d5ea7671182742192938a4b4cbf86ef12bef7418"
  integrity sha512-c/0fWy3Jw6Z8L9FmTyYfkpM5zklnqqa9+a6dz3DvONRKW2NEbh46BP0FHuLFSWi2TnQEtp91Z6zOWNrU6QiyPg==

birpc@^0.2.19:
  version "0.2.19"
  resolved "https://registry.yarnpkg.com/birpc/-/birpc-0.2.19.tgz#cdd183a4a70ba103127d49765b4a71349da5a0ca"
  integrity sha512-5WeXXAvTmitV1RqJFppT5QtUiz2p1mRSYU000Jkft5ZUCLJIk4uQriYNO50HknxKwM6jd8utNc66K1qGIwwWBQ==

copy-anything@^3.0.2:
  version "3.0.5"
  resolved "https://registry.yarnpkg.com/copy-anything/-/copy-anything-3.0.5.tgz#2d92dce8c498f790fa7ad16b01a1ae5a45b020a0"
  integrity sha512-yCEafptTtb4bk7GLEQoM8KVJpxAfdBJYaXyzQEgQQQgYrZiDp8SJmGKlYza6CYjEDNstAdNdKA3UuoULlEbS6w==
  dependencies:
    is-what "^4.1.8"

csstype@^3.1.3:
  version "3.1.3"
  resolved "https://registry.yarnpkg.com/csstype/-/csstype-3.1.3.tgz#d80ff294d114fb0e6ac500fbf85b60137d7eff81"
  integrity sha512-M1uQkMl8rQK/szD0LNhtqxIPLpimGm8sOBwU7lLnCpSbTyY3yeU1Vc7l4KT5zT4s/yOxHH5O7tIuuLOCnLADRw==

entities@^4.5.0:
  version "4.5.0"
  resolved "https://registry.yarnpkg.com/entities/-/entities-4.5.0.tgz#5d268ea5e7113ec74c4d033b79ea5a35a488fb48"
  integrity sha512-V0hjH4dGPh9Ao5p0MoRY6BVqtwCjhz6vI5LT8AJ55H+4g9/4vbHx1I54fS0XuclLhDHArPQCiMjDxjaL8fPxhw==

esbuild@^0.25.0:
  version "0.25.5"
  resolved "https://registry.yarnpkg.com/esbuild/-/esbuild-0.25.5.tgz#71075054993fdfae76c66586f9b9c1f8d7edd430"
  integrity sha512-P8OtKZRv/5J5hhz0cUAdu/cLuPIKXpQl1R9pZtvmHWQvrAUVd0UNIPT4IB4W3rNOqVO0rlqHmCIbSwxh/c9yUQ==
  optionalDependencies:
    "@esbuild/aix-ppc64" "0.25.5"
    "@esbuild/android-arm" "0.25.5"
    "@esbuild/android-arm64" "0.25.5"
    "@esbuild/android-x64" "0.25.5"
    "@esbuild/darwin-arm64" "0.25.5"
    "@esbuild/darwin-x64" "0.25.5"
    "@esbuild/freebsd-arm64" "0.25.5"
    "@esbuild/freebsd-x64" "0.25.5"
    "@esbuild/linux-arm" "0.25.5"
    "@esbuild/linux-arm64" "0.25.5"
    "@esbuild/linux-ia32" "0.25.5"
    "@esbuild/linux-loong64" "0.25.5"
    "@esbuild/linux-mips64el" "0.25.5"
    "@esbuild/linux-ppc64" "0.25.5"
    "@esbuild/linux-riscv64" "0.25.5"
    "@esbuild/linux-s390x" "0.25.5"
    "@esbuild/linux-x64" "0.25.5"
    "@esbuild/netbsd-arm64" "0.25.5"
    "@esbuild/netbsd-x64" "0.25.5"
    "@esbuild/openbsd-arm64" "0.25.5"
    "@esbuild/openbsd-x64" "0.25.5"
    "@esbuild/sunos-x64" "0.25.5"
    "@esbuild/win32-arm64" "0.25.5"
    "@esbuild/win32-ia32" "0.25.5"
    "@esbuild/win32-x64" "0.25.5"

estree-walker@^2.0.2:
  version "2.0.2"
  resolved "https://registry.yarnpkg.com/estree-walker/-/estree-walker-2.0.2.tgz#52f010178c2a4c117a7757cfe942adb7d2da4cac"
  integrity sha512-Rfkk/Mp/DL7JVje3u18FxFujQlTNR2q6QfMSMB7AvCBx91NGj/ba3kCfza0f6dVDbw7YlRf/nDrn7pQrCCyQ/w==

fdir@^6.4.4:
  version "6.4.5"
  resolved "https://registry.yarnpkg.com/fdir/-/fdir-6.4.5.tgz#328e280f3a23699362f95f2e82acf978a0c0cb49"
  integrity sha512-4BG7puHpVsIYxZUbiUE3RqGloLaSSwzYie5jvasC4LWuBWzZawynvYouhjbQKw2JuIGYdm0DzIxl8iVidKlUEw==

fsevents@~2.3.2:
  version "2.3.2"
  resolved "https://registry.yarnpkg.com/fsevents/-/fsevents-2.3.2.tgz#8a526f78b8fdf4623b709e0b975c52c24c02fd1a"
  integrity sha512-xiqMQR4xAeHTuB9uWm+fFRcIOgKBMiOBP+eXiyT7jsgVCq1bkVygt00oASowB7EdtpOHaaPgKt812P9ab+DDKA==

fsevents@~2.3.3:
  version "2.3.3"
  resolved "https://registry.yarnpkg.com/fsevents/-/fsevents-2.3.3.tgz#cac6407785d03675a2a5e1a5305c697b347d90d6"
  integrity sha512-5xoDfX+fL7faATnagmWPpbFtwh/R77WmMMqqHGS65C3vvB0YHrgF+B1YmZ3441tMj5n63k0212XNoJwzlhffQw==

hookable@^5.5.3:
  version "5.5.3"
  resolved "https://registry.yarnpkg.com/hookable/-/hookable-5.5.3.tgz#6cfc358984a1ef991e2518cb9ed4a778bbd3215d"
  integrity sha512-Yc+BQe8SvoXH1643Qez1zqLRmbA5rCL+sSmk6TVos0LWVfNIB7PGncdlId77WzLGSIB5KaWgTaNTs2lNVEI6VQ==

is-what@^4.1.8:
  version "4.1.16"
  resolved "https://registry.yarnpkg.com/is-what/-/is-what-4.1.16.tgz#1ad860a19da8b4895ad5495da3182ce2acdd7a6f"
  integrity sha512-ZhMwEosbFJkA0YhFnNDgTM4ZxDRsS6HqTo7qsZM08fehyRYIYa0yHu5R6mgo1n/8MgaPBXiPimPD77baVFYg+A==

magic-string@^0.30.17:
  version "0.30.17"
  resolved "https://registry.yarnpkg.com/magic-string/-/magic-string-0.30.17.tgz#450a449673d2460e5bbcfba9a61916a1714c7453"
  integrity sha512-sNPKHvyjVf7gyjwS4xGTaW/mCnF8wnjtifKBEhxfZ7E/S8tQ0rssrwGNn6q8JH/ohItJfSQp9mBtQYuTlH5QnA==
  dependencies:
    "@jridgewell/sourcemap-codec" "^1.5.0"

mitt@^3.0.1:
  version "3.0.1"
  resolved "https://registry.yarnpkg.com/mitt/-/mitt-3.0.1.tgz#ea36cf0cc30403601ae074c8f77b7092cdab36d1"
  integrity sha512-vKivATfr97l2/QBCYAkXYDbrIWPM2IIKEl7YPhjCvKlG3kE2gm+uBo6nEXK3M5/Ffh/FLpKExzOQ3JJoJGFKBw==

nanoid@^3.3.8:
  version "3.3.11"
  resolved "https://registry.yarnpkg.com/nanoid/-/nanoid-3.3.11.tgz#4f4f112cefbe303202f2199838128936266d185b"
  integrity sha512-N8SpfPUnUp1bK+PMYW8qSWdl9U+wwNWI4QKxOYDy9JAro3WMX7p2OeVRF9v+347pnakNevPmiHhNmZ2HbFA76w==

perfect-debounce@^1.0.0:
  version "1.0.0"
  resolved "https://registry.yarnpkg.com/perfect-debounce/-/perfect-debounce-1.0.0.tgz#9c2e8bc30b169cc984a58b7d5b28049839591d2a"
  integrity sha512-xCy9V055GLEqoFaHoC1SoLIaLmWctgCUaBaWxDZ7/Zx4CTyX7cJQLJOok/orfjZAh9kEYpjJa4d0KcJmCbctZA==

picocolors@^1.1.1:
  version "1.1.1"
  resolved "https://registry.yarnpkg.com/picocolors/-/picocolors-1.1.1.tgz#3d321af3eab939b083c8f929a1d12cda81c26b6b"
  integrity sha512-xceH2snhtb5M9liqDsmEw56le376mTZkEX/jEb/RxNFyegNul7eNslCXP9FDj/Lcu0X8KEyMceP2ntpaHrDEVA==

picomatch@^4.0.2:
  version "4.0.2"
  resolved "https://registry.yarnpkg.com/picomatch/-/picomatch-4.0.2.tgz#77c742931e8f3b8820946c76cd0c1f13730d1dab"
  integrity sha512-M7BAV6Rlcy5u+m6oPhAPFgJTzAioX/6B0DxyvDlo9l8+T3nLKbrczg2WLUyzd45L8RqfUMyGPzekbMvX2Ldkwg==

pinia@^3.0.3:
  version "3.0.3"
  resolved "https://registry.yarnpkg.com/pinia/-/pinia-3.0.3.tgz#f412019bdeb2f45e85927b432803190343e12d89"
  integrity sha512-ttXO/InUULUXkMHpTdp9Fj4hLpD/2AoJdmAbAeW2yu1iy1k+pkFekQXw5VpC0/5p51IOR/jDaDRfRWRnMMsGOA==
  dependencies:
    "@vue/devtools-api" "^7.7.2"

postcss@^8.5.3:
  version "8.5.3"
  resolved "https://registry.yarnpkg.com/postcss/-/postcss-8.5.3.tgz#1463b6f1c7fb16fe258736cba29a2de35237eafb"
  integrity sha512-dle9A3yYxlBSrt8Fu+IpjGT8SY8hN0mlaA6GY8t0P5PjIOZemULz/E2Bnm/2dcUOena75OTNkHI76uZBNUUq3A==
  dependencies:
    nanoid "^3.3.8"
    picocolors "^1.1.1"
    source-map-js "^1.2.1"

rfdc@^1.4.1:
  version "1.4.1"
  resolved "https://registry.yarnpkg.com/rfdc/-/rfdc-1.4.1.tgz#778f76c4fb731d93414e8f925fbecf64cce7f6ca"
  integrity sha512-q1b3N5QkRUWUl7iyylaaj3kOpIT0N2i9MqIEQXP73GVsN9cw3fdx8X63cEmWhJGi2PPCF23Ijp7ktmd39rawIA==

rollup@^4.34.9:
  version "4.42.0"
  resolved "https://registry.yarnpkg.com/rollup/-/rollup-4.42.0.tgz#57990f059e96bbccccefd5a41d8d5aff15ac1cb8"
  integrity sha512-LW+Vse3BJPyGJGAJt1j8pWDKPd73QM8cRXYK1IxOBgL2AGLu7Xd2YOW0M2sLUBCkF5MshXXtMApyEAEzMVMsnw==
  dependencies:
    "@types/estree" "1.0.7"
  optionalDependencies:
    "@rollup/rollup-android-arm-eabi" "4.42.0"
    "@rollup/rollup-android-arm64" "4.42.0"
    "@rollup/rollup-darwin-arm64" "4.42.0"
    "@rollup/rollup-darwin-x64" "4.42.0"
    "@rollup/rollup-freebsd-arm64" "4.42.0"
    "@rollup/rollup-freebsd-x64" "4.42.0"
    "@rollup/rollup-linux-arm-gnueabihf" "4.42.0"
    "@rollup/rollup-linux-arm-musleabihf" "4.42.0"
    "@rollup/rollup-linux-arm64-gnu" "4.42.0"
    "@rollup/rollup-linux-arm64-musl" "4.42.0"
    "@rollup/rollup-linux-loongarch64-gnu" "4.42.0"
    "@rollup/rollup-linux-powerpc64le-gnu" "4.42.0"
    "@rollup/rollup-linux-riscv64-gnu" "4.42.0"
    "@rollup/rollup-linux-riscv64-musl" "4.42.0"
    "@rollup/rollup-linux-s390x-gnu" "4.42.0"
    "@rollup/rollup-linux-x64-gnu" "4.42.0"
    "@rollup/rollup-linux-x64-musl" "4.42.0"
    "@rollup/rollup-win32-arm64-msvc" "4.42.0"
    "@rollup/rollup-win32-ia32-msvc" "4.42.0"
    "@rollup/rollup-win32-x64-msvc" "4.42.0"
    fsevents "~2.3.2"

source-map-js@^1.2.1:
  version "1.2.1"
  resolved "https://registry.yarnpkg.com/source-map-js/-/source-map-js-1.2.1.tgz#1ce5650fddd87abc099eda37dcff024c2667ae46"
  integrity sha512-UXWMKhLOwVKb728IUtQPXxfYU+usdybtUrK/8uGE8CQMvrhOpwvzDBwj0QhSL7MQc7vIsISBG8VQ8+IDQxpfQA==

speakingurl@^14.0.1:
  version "14.0.1"
  resolved "https://registry.yarnpkg.com/speakingurl/-/speakingurl-14.0.1.tgz#f37ec8ddc4ab98e9600c1c9ec324a8c48d772a53"
  integrity sha512-1POYv7uv2gXoyGFpBCmpDVSNV74IfsWlDW216UPjbWufNf+bSU6GdbDsxdcxtfwb4xlI3yxzOTKClUosxARYrQ==

superjson@^2.2.1:
  version "2.2.2"
  resolved "https://registry.yarnpkg.com/superjson/-/superjson-2.2.2.tgz#9d52bf0bf6b5751a3c3472f1292e714782ba3173"
  integrity sha512-5JRxVqC8I8NuOUjzBbvVJAKNM8qoVuH0O77h4WInc/qC2q5IreqKxYwgkga3PfA22OayK2ikceb/B26dztPl+Q==
  dependencies:
    copy-anything "^3.0.2"

tinyglobby@^0.2.13:
  version "0.2.14"
  resolved "https://registry.yarnpkg.com/tinyglobby/-/tinyglobby-0.2.14.tgz#5280b0cf3f972b050e74ae88406c0a6a58f4079d"
  integrity sha512-tX5e7OM1HnYr2+a2C/4V0htOcSQcoSTH9KgJnVvNm5zm/cyEWKJ7j7YutsH9CxMdtOkkLFy2AHrMci9IM8IPZQ==
  dependencies:
    fdir "^6.4.4"
    picomatch "^4.0.2"

vite@^6.3.5:
  version "6.3.5"
  resolved "https://registry.yarnpkg.com/vite/-/vite-6.3.5.tgz#fec73879013c9c0128c8d284504c6d19410d12a3"
  integrity sha512-cZn6NDFE7wdTpINgs++ZJ4N49W2vRp8LCKrn3Ob1kYNtOo21vfDoaV5GzBfLU4MovSAB8uNRm4jgzVQZ+mBzPQ==
  dependencies:
    esbuild "^0.25.0"
    fdir "^6.4.4"
    picomatch "^4.0.2"
    postcss "^8.5.3"
    rollup "^4.34.9"
    tinyglobby "^0.2.13"
  optionalDependencies:
    fsevents "~2.3.3"

vue@^3.5.16:
  version "3.5.16"
  resolved "https://registry.yarnpkg.com/vue/-/vue-3.5.16.tgz#f0cde88c2688354f00ff2d77eb295c26440f8c7a"
  integrity sha512-rjOV2ecxMd5SiAmof2xzh2WxntRcigkX/He4YFJ6WdRvVUrbt6DxC1Iujh10XLl8xCDRDtGKMeO3D+pRQ1PP9w==
  dependencies:
    "@vue/compiler-dom" "3.5.16"
    "@vue/compiler-sfc" "3.5.16"
    "@vue/runtime-dom" "3.5.16"
    "@vue/server-renderer" "3.5.16"
    "@vue/shared" "3.5.16"
